
Microsoft Visual Studio Solution File, Format Version 12.00
# Visual Studio Version 17
VisualStudioVersion = 17.11.35222.181
MinimumVisualStudioVersion = 10.0.40219.1
Project("{FAE04EC0-301F-11D3-BF4B-00C04F79EFBC}") = "Collection_HashTable_Oct_070125", "Collection_HashTable_Oct_070125\Collection_HashTable_Oct_070125.csproj", "{606C905B-CC25-4E5C-9E17-879090ECEA8E}"
EndProject
Global
	GlobalSection(SolutionConfigurationPlatforms) = preSolution
		Debug|Any CPU = Debug|Any CPU
		Release|Any CPU = Release|Any CPU
	EndGlobalSection
	GlobalSection(ProjectConfigurationPlatforms) = postSolution
		{606C905B-CC25-4E5C-9E17-879090ECEA8E}.Debug|Any CPU.ActiveCfg = Debug|Any CPU
		{606C905B-CC25-4E5C-9E17-879090ECEA8E}.Debug|Any CPU.Build.0 = Debug|Any CPU
		{606C905B-CC25-4E5C-9E17-879090ECEA8E}.Release|Any CPU.ActiveCfg = Release|Any CPU
		{606C905B-CC25-4E5C-9E17-879090ECEA8E}.Release|Any CPU.Build.0 = Release|Any CPU
	EndGlobalSection
	GlobalSection(SolutionProperties) = preSolution
		HideSolutionNode = FALSE
	EndGlobalSection
	GlobalSection(ExtensibilityGlobals) = postSolution
		SolutionGuid = {D8CDC33D-4975-4660-97F2-0B2AA59FED6D}
	EndGlobalSection
EndGlobal
